
Microsoft Visual Studio Solution File, Format Version 11.00
# Visual Studio 2010
Project("{8BC9CEB8-8B4A-11D0-8D11-00A0C91BC942}") = "SKBaseWidget", "SKBaseWidget\SKBaseWidget.vcxproj", "{F54F5BEA-CC2A-448A-8AA1-96769BBECE5A}"
EndProject
Project("{8BC9CEB8-8B4A-11D0-8D11-00A0C91BC942}") = "example", "example\example.vcxproj", "{8DB0208A-D24A-468C-9266-05623AF5D326}"
	ProjectSection(ProjectDependencies) = postProject
		{7142C81E-03AD-4509-92F3-BBC8C0CDD064} = {7142C81E-03AD-4509-92F3-BBC8C0CDD064}
		{7F2EBFA3-5481-49E9-A9B3-F320C34A755B} = {7F2EBFA3-5481-49E9-A9B3-F320C34A755B}
		{F54F5BEA-CC2A-448A-8AA1-96769BBECE5A} = {F54F5BEA-CC2A-448A-8AA1-96769BBECE5A}
	EndProjectSection
EndProject
Project("{8BC9CEB8-8B4A-11D0-8D11-00A0C91BC942}") = "SKHMI", "SKHMI\SKHMI.vcxproj", "{D7FBEC95-10F6-4C2D-8BED-4965BA013D5E}"
	ProjectSection(ProjectDependencies) = postProject
		{7142C81E-03AD-4509-92F3-BBC8C0CDD064} = {7142C81E-03AD-4509-92F3-BBC8C0CDD064}
		{7F2EBFA3-5481-49E9-A9B3-F320C34A755B} = {7F2EBFA3-5481-49E9-A9B3-F320C34A755B}
		{F54F5BEA-CC2A-448A-8AA1-96769BBECE5A} = {F54F5BEA-CC2A-448A-8AA1-96769BBECE5A}
	EndProjectSection
EndProject
Project("{8BC9CEB8-8B4A-11D0-8D11-00A0C91BC942}") = "SKBase", "SKBase\SKBase.vcxproj", "{7142C81E-03AD-4509-92F3-BBC8C0CDD064}"
EndProject
Project("{8BC9CEB8-8B4A-11D0-8D11-00A0C91BC942}") = "SKGui", "SKGui\SKGui.vcxproj", "{7F2EBFA3-5481-49E9-A9B3-F320C34A755B}"
	ProjectSection(ProjectDependencies) = postProject
		{7142C81E-03AD-4509-92F3-BBC8C0CDD064} = {7142C81E-03AD-4509-92F3-BBC8C0CDD064}
		{F54F5BEA-CC2A-448A-8AA1-96769BBECE5A} = {F54F5BEA-CC2A-448A-8AA1-96769BBECE5A}
	EndProjectSection
EndProject
Project("{8BC9CEB8-8B4A-11D0-8D11-00A0C91BC942}") = "plugin_demo1", "plugin_demo1\plugin_demo1.vcxproj", "{BABEAE12-D3BE-4322-3127-201803240934}"
	ProjectSection(ProjectDependencies) = postProject
		{7142C81E-03AD-4509-92F3-BBC8C0CDD064} = {7142C81E-03AD-4509-92F3-BBC8C0CDD064}
		{7F2EBFA3-5481-49E9-A9B3-F320C34A755B} = {7F2EBFA3-5481-49E9-A9B3-F320C34A755B}
		{F54F5BEA-CC2A-448A-8AA1-96769BBECE5A} = {F54F5BEA-CC2A-448A-8AA1-96769BBECE5A}
	EndProjectSection
EndProject
Project("{8BC9CEB8-8B4A-11D0-8D11-00A0C91BC942}") = "plugin_demo2", "plugin_demo2\plugin_demo2.vcxproj", "{BABEAE12-D3BE-4322-4223-201803240934}"
	ProjectSection(ProjectDependencies) = postProject
		{7142C81E-03AD-4509-92F3-BBC8C0CDD064} = {7142C81E-03AD-4509-92F3-BBC8C0CDD064}
		{7F2EBFA3-5481-49E9-A9B3-F320C34A755B} = {7F2EBFA3-5481-49E9-A9B3-F320C34A755B}
		{F54F5BEA-CC2A-448A-8AA1-96769BBECE5A} = {F54F5BEA-CC2A-448A-8AA1-96769BBECE5A}
	EndProjectSection
EndProject
Project("{8BC9CEB8-8B4A-11D0-8D11-00A0C91BC942}") = "SKDraw", "SKDraw\SKDraw.vcxproj", "{324C3529-EA67-47CB-997E-1BF60B1539A8}"
	ProjectSection(ProjectDependencies) = postProject
		{7142C81E-03AD-4509-92F3-BBC8C0CDD064} = {7142C81E-03AD-4509-92F3-BBC8C0CDD064}
		{F54F5BEA-CC2A-448A-8AA1-96769BBECE5A} = {F54F5BEA-CC2A-448A-8AA1-96769BBECE5A}
	EndProjectSection
EndProject
Project("{8BC9CEB8-8B4A-11D0-8D11-00A0C91BC942}") = "mdb_plugin", "mdb_plugin\mdb_plugin.vcxproj", "{415F2D80-D596-441A-B2FB-78056FE184A5}"
	ProjectSection(ProjectDependencies) = postProject
		{7142C81E-03AD-4509-92F3-BBC8C0CDD064} = {7142C81E-03AD-4509-92F3-BBC8C0CDD064}
	EndProjectSection
EndProject
Project("{8BC9CEB8-8B4A-11D0-8D11-00A0C91BC942}") = "sys_mdb", "mdb\mdb.vcxproj", "{7DFE91EE-D733-41EF-8703-A72C687349A7}"
	ProjectSection(ProjectDependencies) = postProject
		{7142C81E-03AD-4509-92F3-BBC8C0CDD064} = {7142C81E-03AD-4509-92F3-BBC8C0CDD064}
		{415F2D80-D596-441A-B2FB-78056FE184A5} = {415F2D80-D596-441A-B2FB-78056FE184A5}
	EndProjectSection
EndProject
Project("{8BC9CEB8-8B4A-11D0-8D11-00A0C91BC942}") = "sys_unit_agent", "sys_unit_agent\sys_unit_agent.vcxproj", "{C04F074B-54F4-4091-9DDC-ECB407837187}"
	ProjectSection(ProjectDependencies) = postProject
		{7142C81E-03AD-4509-92F3-BBC8C0CDD064} = {7142C81E-03AD-4509-92F3-BBC8C0CDD064}
	EndProjectSection
EndProject
Project("{8BC9CEB8-8B4A-11D0-8D11-00A0C91BC942}") = "plugin_drawer", "plugin_drawer\plugin_drawer.vcxproj", "{BABEAE12-D3BE-4322-0564-201808110903}"
EndProject
Project("{8BC9CEB8-8B4A-11D0-8D11-00A0C91BC942}") = "plugin_telecontrol", "plugin_telecontrol\plugin_telecontrol.vcxproj", "{BABEAE12-D3BE-4322-2046-201809261325}"
EndProject
Project("{8BC9CEB8-8B4A-11D0-8D11-00A0C91BC942}") = "sys_watch", "sys_watch\sys_watch.vcxproj", "{1C0C17CD-E77D-4B4E-A989-3C3C8C7AA7BC}"
EndProject
Project("{8BC9CEB8-8B4A-11D0-8D11-00A0C91BC942}") = "SKWatch", "SKWatch\SKWatch.vcxproj", "{6601A792-1A32-44D0-A765-C4DEAC90BB09}"
EndProject
Project("{8BC9CEB8-8B4A-11D0-8D11-00A0C91BC942}") = "plugin_scl_import", "plugin_scl_import\proj\win32-msvc2010\plugin_scl_import.vcxproj", "{BABEAE12-D3BE-4322-5060-201708100950}"
EndProject
Global
	GlobalSection(SolutionConfigurationPlatforms) = preSolution
		Debug|Win32 = Debug|Win32
		Release|Win32 = Release|Win32
	EndGlobalSection
	GlobalSection(ProjectConfigurationPlatforms) = postSolution
		{F54F5BEA-CC2A-448A-8AA1-96769BBECE5A}.Debug|Win32.ActiveCfg = Debug|Win32
		{F54F5BEA-CC2A-448A-8AA1-96769BBECE5A}.Debug|Win32.Build.0 = Debug|Win32
		{F54F5BEA-CC2A-448A-8AA1-96769BBECE5A}.Release|Win32.ActiveCfg = Release|Win32
		{F54F5BEA-CC2A-448A-8AA1-96769BBECE5A}.Release|Win32.Build.0 = Release|Win32
		{8DB0208A-D24A-468C-9266-05623AF5D326}.Debug|Win32.ActiveCfg = Debug|Win32
		{8DB0208A-D24A-468C-9266-05623AF5D326}.Debug|Win32.Build.0 = Debug|Win32
		{8DB0208A-D24A-468C-9266-05623AF5D326}.Release|Win32.ActiveCfg = Release|Win32
		{8DB0208A-D24A-468C-9266-05623AF5D326}.Release|Win32.Build.0 = Release|Win32
		{D7FBEC95-10F6-4C2D-8BED-4965BA013D5E}.Debug|Win32.ActiveCfg = Debug|Win32
		{D7FBEC95-10F6-4C2D-8BED-4965BA013D5E}.Debug|Win32.Build.0 = Debug|Win32
		{D7FBEC95-10F6-4C2D-8BED-4965BA013D5E}.Release|Win32.ActiveCfg = Release|Win32
		{D7FBEC95-10F6-4C2D-8BED-4965BA013D5E}.Release|Win32.Build.0 = Release|Win32
		{7142C81E-03AD-4509-92F3-BBC8C0CDD064}.Debug|Win32.ActiveCfg = Debug|Win32
		{7142C81E-03AD-4509-92F3-BBC8C0CDD064}.Debug|Win32.Build.0 = Debug|Win32
		{7142C81E-03AD-4509-92F3-BBC8C0CDD064}.Release|Win32.ActiveCfg = Release|Win32
		{7142C81E-03AD-4509-92F3-BBC8C0CDD064}.Release|Win32.Build.0 = Release|Win32
		{7F2EBFA3-5481-49E9-A9B3-F320C34A755B}.Debug|Win32.ActiveCfg = Debug|Win32
		{7F2EBFA3-5481-49E9-A9B3-F320C34A755B}.Debug|Win32.Build.0 = Debug|Win32
		{7F2EBFA3-5481-49E9-A9B3-F320C34A755B}.Release|Win32.ActiveCfg = Release|Win32
		{7F2EBFA3-5481-49E9-A9B3-F320C34A755B}.Release|Win32.Build.0 = Release|Win32
		{BABEAE12-D3BE-4322-3127-201803240934}.Debug|Win32.ActiveCfg = Debug|Win32
		{BABEAE12-D3BE-4322-3127-201803240934}.Debug|Win32.Build.0 = Debug|Win32
		{BABEAE12-D3BE-4322-3127-201803240934}.Release|Win32.ActiveCfg = Release|Win32
		{BABEAE12-D3BE-4322-3127-201803240934}.Release|Win32.Build.0 = Release|Win32
		{BABEAE12-D3BE-4322-4223-201803240934}.Debug|Win32.ActiveCfg = Debug|Win32
		{BABEAE12-D3BE-4322-4223-201803240934}.Debug|Win32.Build.0 = Debug|Win32
		{BABEAE12-D3BE-4322-4223-201803240934}.Release|Win32.ActiveCfg = Release|Win32
		{BABEAE12-D3BE-4322-4223-201803240934}.Release|Win32.Build.0 = Release|Win32
		{324C3529-EA67-47CB-997E-1BF60B1539A8}.Debug|Win32.ActiveCfg = Debug|Win32
		{324C3529-EA67-47CB-997E-1BF60B1539A8}.Debug|Win32.Build.0 = Debug|Win32
		{324C3529-EA67-47CB-997E-1BF60B1539A8}.Release|Win32.ActiveCfg = Release|Win32
		{324C3529-EA67-47CB-997E-1BF60B1539A8}.Release|Win32.Build.0 = Release|Win32
		{415F2D80-D596-441A-B2FB-78056FE184A5}.Debug|Win32.ActiveCfg = Debug|Win32
		{415F2D80-D596-441A-B2FB-78056FE184A5}.Debug|Win32.Build.0 = Debug|Win32
		{415F2D80-D596-441A-B2FB-78056FE184A5}.Release|Win32.ActiveCfg = Release|Win32
		{415F2D80-D596-441A-B2FB-78056FE184A5}.Release|Win32.Build.0 = Release|Win32
		{7DFE91EE-D733-41EF-8703-A72C687349A7}.Debug|Win32.ActiveCfg = Debug|Win32
		{7DFE91EE-D733-41EF-8703-A72C687349A7}.Debug|Win32.Build.0 = Debug|Win32
		{7DFE91EE-D733-41EF-8703-A72C687349A7}.Release|Win32.ActiveCfg = Release|Win32
		{7DFE91EE-D733-41EF-8703-A72C687349A7}.Release|Win32.Build.0 = Release|Win32
		{C04F074B-54F4-4091-9DDC-ECB407837187}.Debug|Win32.ActiveCfg = Debug|Win32
		{C04F074B-54F4-4091-9DDC-ECB407837187}.Debug|Win32.Build.0 = Debug|Win32
		{C04F074B-54F4-4091-9DDC-ECB407837187}.Release|Win32.ActiveCfg = Release|Win32
		{C04F074B-54F4-4091-9DDC-ECB407837187}.Release|Win32.Build.0 = Release|Win32
		{BABEAE12-D3BE-4322-0564-201808110903}.Debug|Win32.ActiveCfg = Debug|Win32
		{BABEAE12-D3BE-4322-0564-201808110903}.Debug|Win32.Build.0 = Debug|Win32
		{BABEAE12-D3BE-4322-0564-201808110903}.Release|Win32.ActiveCfg = Release|Win32
		{BABEAE12-D3BE-4322-0564-201808110903}.Release|Win32.Build.0 = Release|Win32
		{BABEAE12-D3BE-4322-2046-201809261325}.Debug|Win32.ActiveCfg = Debug|Win32
		{BABEAE12-D3BE-4322-2046-201809261325}.Debug|Win32.Build.0 = Debug|Win32
		{BABEAE12-D3BE-4322-2046-201809261325}.Release|Win32.ActiveCfg = Release|Win32
		{BABEAE12-D3BE-4322-2046-201809261325}.Release|Win32.Build.0 = Release|Win32
		{1C0C17CD-E77D-4B4E-A989-3C3C8C7AA7BC}.Debug|Win32.ActiveCfg = Debug|Win32
		{1C0C17CD-E77D-4B4E-A989-3C3C8C7AA7BC}.Debug|Win32.Build.0 = Debug|Win32
		{1C0C17CD-E77D-4B4E-A989-3C3C8C7AA7BC}.Release|Win32.ActiveCfg = Release|Win32
		{1C0C17CD-E77D-4B4E-A989-3C3C8C7AA7BC}.Release|Win32.Build.0 = Release|Win32
		{6601A792-1A32-44D0-A765-C4DEAC90BB09}.Debug|Win32.ActiveCfg = Debug|Win32
		{6601A792-1A32-44D0-A765-C4DEAC90BB09}.Debug|Win32.Build.0 = Debug|Win32
		{6601A792-1A32-44D0-A765-C4DEAC90BB09}.Release|Win32.ActiveCfg = Release|Win32
		{6601A792-1A32-44D0-A765-C4DEAC90BB09}.Release|Win32.Build.0 = Release|Win32
		{BABEAE12-D3BE-4322-5060-201708100950}.Debug|Win32.ActiveCfg = Debug|Win32
		{BABEAE12-D3BE-4322-5060-201708100950}.Debug|Win32.Build.0 = Debug|Win32
		{BABEAE12-D3BE-4322-5060-201708100950}.Release|Win32.ActiveCfg = Release|Win32
		{BABEAE12-D3BE-4322-5060-201708100950}.Release|Win32.Build.0 = Release|Win32
	EndGlobalSection
	GlobalSection(SolutionProperties) = preSolution
		HideSolutionNode = FALSE
	EndGlobalSection
EndGlobal
