<?xml version="1.0" encoding="utf-8"?>
<Project ToolsVersion="4.0" xmlns="http://schemas.microsoft.com/developer/msbuild/2003">
  <ItemGroup>
    <Filter Include="Source Files">
      <UniqueIdentifier>{4FC737F1-C7A5-4376-A066-2A32D752A2FF}</UniqueIdentifier>
      <Extensions>cpp;cxx;c;def</Extensions>
    </Filter>
    <Filter Include="Header Files">
      <UniqueIdentifier>{93995380-89BD-4b04-88EB-625FBE52EBFB}</UniqueIdentifier>
      <Extensions>h</Extensions>
    </Filter>
    <Filter Include="Form Files">
      <UniqueIdentifier>{99349809-55BA-4b9d-BF79-8FDBB0286EB3}</UniqueIdentifier>
      <Extensions>ui</Extensions>
    </Filter>
    <Filter Include="Resource Files">
      <UniqueIdentifier>{D9D6E242-F8AF-46E4-B9FD-80ECBC20BA3E}</UniqueIdentifier>
      <Extensions>qrc;*</Extensions>
      <ParseFiles>false</ParseFiles>
    </Filter>
    <Filter Include="Generated Files">
      <UniqueIdentifier>{71ED8ED8-ACB9-4CE9-BBE1-E00B30144E11}</UniqueIdentifier>
      <Extensions>moc;h;cpp</Extensions>
      <SourceControlFiles>False</SourceControlFiles>
    </Filter>
    <Filter Include="Generated Files\Debug">
      <UniqueIdentifier>{72b9c693-c33a-4281-8253-108cd7b2b36f}</UniqueIdentifier>
      <Extensions>cpp;moc</Extensions>
      <SourceControlFiles>False</SourceControlFiles>
    </Filter>
    <Filter Include="Generated Files\Release">
      <UniqueIdentifier>{e84f3484-d1db-4cf1-be11-0045674fa7b1}</UniqueIdentifier>
      <Extensions>cpp;moc</Extensions>
      <SourceControlFiles>False</SourceControlFiles>
    </Filter>
    <Filter Include="Source Files\qtpropertybrowser">
      <UniqueIdentifier>{4d771592-fb54-44b5-9728-828750187220}</UniqueIdentifier>
    </Filter>
    <Filter Include="Header Files\qtpropertybrowser">
      <UniqueIdentifier>{d3c13519-546e-4964-8610-5eb3862c02a1}</UniqueIdentifier>
    </Filter>
  </ItemGroup>
  <ItemGroup>
    <ClCompile Include="main.cpp">
      <Filter>Source Files</Filter>
    </ClCompile>
    <ClCompile Include="skdraw.cpp">
      <Filter>Source Files</Filter>
    </ClCompile>
    <ClCompile Include="GeneratedFiles\Debug\moc_skdraw.cpp">
      <Filter>Generated Files\Debug</Filter>
    </ClCompile>
    <ClCompile Include="GeneratedFiles\Release\moc_skdraw.cpp">
      <Filter>Generated Files\Release</Filter>
    </ClCompile>
    <ClCompile Include="GeneratedFiles\qrc_skdraw.cpp">
      <Filter>Generated Files</Filter>
    </ClCompile>
    <ClCompile Include="drawtool.cpp">
      <Filter>Source Files</Filter>
    </ClCompile>
    <ClCompile Include="GeneratedFiles\Debug\moc_drawtool.cpp">
      <Filter>Generated Files\Debug</Filter>
    </ClCompile>
    <ClCompile Include="GeneratedFiles\Release\moc_drawtool.cpp">
      <Filter>Generated Files\Release</Filter>
    </ClCompile>
    <ClCompile Include="drawscene.cpp">
      <Filter>Source Files</Filter>
    </ClCompile>
    <ClCompile Include="GeneratedFiles\Debug\moc_drawscene.cpp">
      <Filter>Generated Files\Debug</Filter>
    </ClCompile>
    <ClCompile Include="GeneratedFiles\Release\moc_drawscene.cpp">
      <Filter>Generated Files\Release</Filter>
    </ClCompile>
    <ClCompile Include="drawview.cpp">
      <Filter>Source Files</Filter>
    </ClCompile>
    <ClCompile Include="GeneratedFiles\Debug\moc_drawview.cpp">
      <Filter>Generated Files\Debug</Filter>
    </ClCompile>
    <ClCompile Include="GeneratedFiles\Release\moc_drawview.cpp">
      <Filter>Generated Files\Release</Filter>
    </ClCompile>
    <ClCompile Include="drawobj.cpp">
      <Filter>Source Files</Filter>
    </ClCompile>
    <ClCompile Include="GeneratedFiles\Debug\moc_drawobj.cpp">
      <Filter>Generated Files\Debug</Filter>
    </ClCompile>
    <ClCompile Include="GeneratedFiles\Release\moc_drawobj.cpp">
      <Filter>Generated Files\Release</Filter>
    </ClCompile>
    <ClCompile Include="rulebar.cpp">
      <Filter>Source Files</Filter>
    </ClCompile>
    <ClCompile Include="GeneratedFiles\Debug\moc_rulebar.cpp">
      <Filter>Generated Files\Debug</Filter>
    </ClCompile>
    <ClCompile Include="GeneratedFiles\Release\moc_rulebar.cpp">
      <Filter>Generated Files\Release</Filter>
    </ClCompile>
    <ClCompile Include="sizehandle.cpp">
      <Filter>Source Files</Filter>
    </ClCompile>
    <ClCompile Include="commands.cpp">
      <Filter>Source Files</Filter>
    </ClCompile>
    <ClCompile Include="qtpropertybrowser\qtbuttonpropertybrowser.cpp">
      <Filter>Source Files\qtpropertybrowser</Filter>
    </ClCompile>
    <ClCompile Include="qtpropertybrowser\qtgroupboxpropertybrowser.cpp">
      <Filter>Source Files\qtpropertybrowser</Filter>
    </ClCompile>
    <ClCompile Include="qtpropertybrowser\qtpropertybrowser.cpp">
      <Filter>Source Files\qtpropertybrowser</Filter>
    </ClCompile>
    <ClCompile Include="qtpropertybrowser\qtpropertybrowserutils.cpp">
      <Filter>Source Files\qtpropertybrowser</Filter>
    </ClCompile>
    <ClCompile Include="qtpropertybrowser\qtvariantproperty.cpp">
      <Filter>Source Files\qtpropertybrowser</Filter>
    </ClCompile>
    <ClCompile Include="GeneratedFiles\Debug\moc_qtbuttonpropertybrowser.cpp">
      <Filter>Generated Files\Debug</Filter>
    </ClCompile>
    <ClCompile Include="GeneratedFiles\Release\moc_qtbuttonpropertybrowser.cpp">
      <Filter>Generated Files\Release</Filter>
    </ClCompile>
    <ClCompile Include="GeneratedFiles\Debug\moc_qteditorfactory.cpp">
      <Filter>Generated Files\Debug</Filter>
    </ClCompile>
    <ClCompile Include="GeneratedFiles\Release\moc_qteditorfactory.cpp">
      <Filter>Generated Files\Release</Filter>
    </ClCompile>
    <ClCompile Include="GeneratedFiles\Debug\moc_qtgroupboxpropertybrowser.cpp">
      <Filter>Generated Files\Debug</Filter>
    </ClCompile>
    <ClCompile Include="GeneratedFiles\Release\moc_qtgroupboxpropertybrowser.cpp">
      <Filter>Generated Files\Release</Filter>
    </ClCompile>
    <ClCompile Include="GeneratedFiles\Debug\moc_qtpropertybrowser.cpp">
      <Filter>Generated Files\Debug</Filter>
    </ClCompile>
    <ClCompile Include="GeneratedFiles\Release\moc_qtpropertybrowser.cpp">
      <Filter>Generated Files\Release</Filter>
    </ClCompile>
    <ClCompile Include="GeneratedFiles\Debug\moc_qtpropertybrowserutils_p.cpp">
      <Filter>Generated Files\Debug</Filter>
    </ClCompile>
    <ClCompile Include="GeneratedFiles\Release\moc_qtpropertybrowserutils_p.cpp">
      <Filter>Generated Files\Release</Filter>
    </ClCompile>
    <ClCompile Include="GeneratedFiles\Debug\moc_qtpropertymanager.cpp">
      <Filter>Generated Files\Debug</Filter>
    </ClCompile>
    <ClCompile Include="GeneratedFiles\Release\moc_qtpropertymanager.cpp">
      <Filter>Generated Files\Release</Filter>
    </ClCompile>
    <ClCompile Include="GeneratedFiles\Debug\moc_qttreepropertybrowser.cpp">
      <Filter>Generated Files\Debug</Filter>
    </ClCompile>
    <ClCompile Include="GeneratedFiles\Release\moc_qttreepropertybrowser.cpp">
      <Filter>Generated Files\Release</Filter>
    </ClCompile>
    <ClCompile Include="GeneratedFiles\Debug\moc_qtvariantproperty.cpp">
      <Filter>Generated Files\Debug</Filter>
    </ClCompile>
    <ClCompile Include="GeneratedFiles\Release\moc_qtvariantproperty.cpp">
      <Filter>Generated Files\Release</Filter>
    </ClCompile>
    <ClCompile Include="GeneratedFiles\qrc_qtpropertybrowser.cpp">
      <Filter>Generated Files</Filter>
    </ClCompile>
    <ClCompile Include="qtpropertybrowser\qtpropertymanager.cpp">
      <Filter>Source Files\qtpropertybrowser</Filter>
    </ClCompile>
    <ClCompile Include="qtpropertybrowser\qttreepropertybrowser.cpp">
      <Filter>Source Files\qtpropertybrowser</Filter>
    </ClCompile>
    <ClCompile Include="qtpropertybrowser\qteditorfactory.cpp">
      <Filter>Source Files\qtpropertybrowser</Filter>
    </ClCompile>
    <ClCompile Include="propertyeditor.cpp">
      <Filter>Source Files</Filter>
    </ClCompile>
    <ClCompile Include="GeneratedFiles\Debug\moc_propertyeditor.cpp">
      <Filter>Generated Files\Debug</Filter>
    </ClCompile>
    <ClCompile Include="GeneratedFiles\Release\moc_propertyeditor.cpp">
      <Filter>Generated Files\Release</Filter>
    </ClCompile>
    <ClCompile Include="shaprelate.cpp">
      <Filter>Source Files</Filter>
    </ClCompile>
    <ClCompile Include="GeneratedFiles\Debug\moc_shaprelate.cpp">
      <Filter>Generated Files\Debug</Filter>
    </ClCompile>
    <ClCompile Include="GeneratedFiles\Release\moc_shaprelate.cpp">
      <Filter>Generated Files\Release</Filter>
    </ClCompile>
    <ClCompile Include="seldb.cpp">
      <Filter>Source Files</Filter>
    </ClCompile>
    <ClCompile Include="GeneratedFiles\Debug\moc_seldb.cpp">
      <Filter>Generated Files\Debug</Filter>
    </ClCompile>
    <ClCompile Include="GeneratedFiles\Release\moc_seldb.cpp">
      <Filter>Generated Files\Release</Filter>
    </ClCompile>
    <ClCompile Include="GeneratedFiles\Debug\moc_db.cpp">
      <Filter>Generated Files\Debug</Filter>
    </ClCompile>
    <ClCompile Include="GeneratedFiles\Release\moc_db.cpp">
      <Filter>Generated Files\Release</Filter>
    </ClCompile>
    <ClCompile Include="db.cpp">
      <Filter>Source Files</Filter>
    </ClCompile>
    <ClCompile Include="wndadd.cpp">
      <Filter>Source Files</Filter>
    </ClCompile>
    <ClCompile Include="GeneratedFiles\Debug\moc_wndadd.cpp">
      <Filter>Generated Files\Debug</Filter>
    </ClCompile>
    <ClCompile Include="GeneratedFiles\Release\moc_wndadd.cpp">
      <Filter>Generated Files\Release</Filter>
    </ClCompile>
    <ClCompile Include="dbpic.cpp">
      <Filter>Source Files</Filter>
    </ClCompile>
    <ClCompile Include="GeneratedFiles\Debug\moc_dbpic.cpp">
      <Filter>Generated Files\Debug</Filter>
    </ClCompile>
    <ClCompile Include="GeneratedFiles\Release\moc_dbpic.cpp">
      <Filter>Generated Files\Release</Filter>
    </ClCompile>
    <ClCompile Include="selfun.cpp">
      <Filter>Source Files</Filter>
    </ClCompile>
    <ClCompile Include="GeneratedFiles\Debug\moc_selfun.cpp">
      <Filter>Generated Files\Debug</Filter>
    </ClCompile>
    <ClCompile Include="GeneratedFiles\Release\moc_selfun.cpp">
      <Filter>Generated Files\Release</Filter>
    </ClCompile>
  </ItemGroup>
  <ItemGroup>
    <CustomBuild Include="skdraw.h">
      <Filter>Header Files</Filter>
    </CustomBuild>
    <CustomBuild Include="skdraw.ui">
      <Filter>Form Files</Filter>
    </CustomBuild>
    <CustomBuild Include="skdraw.qrc">
      <Filter>Resource Files</Filter>
    </CustomBuild>
    <CustomBuild Include="drawtool.h">
      <Filter>Header Files</Filter>
    </CustomBuild>
    <CustomBuild Include="drawscene.h">
      <Filter>Header Files</Filter>
    </CustomBuild>
    <CustomBuild Include="drawview.h">
      <Filter>Header Files</Filter>
    </CustomBuild>
    <CustomBuild Include="drawobj.h">
      <Filter>Header Files</Filter>
    </CustomBuild>
    <CustomBuild Include="rulebar.h">
      <Filter>Header Files</Filter>
    </CustomBuild>
    <CustomBuild Include="commands.h">
      <Filter>Header Files</Filter>
    </CustomBuild>
    <CustomBuild Include="GeneratedFiles\Debug\qteditorfactory.moc">
      <Filter>Generated Files\Debug</Filter>
    </CustomBuild>
    <CustomBuild Include="GeneratedFiles\Release\qteditorfactory.moc">
      <Filter>Generated Files\Release</Filter>
    </CustomBuild>
    <CustomBuild Include="GeneratedFiles\Debug\qtpropertymanager.moc">
      <Filter>Generated Files\Debug</Filter>
    </CustomBuild>
    <CustomBuild Include="GeneratedFiles\Release\qtpropertymanager.moc">
      <Filter>Generated Files\Release</Filter>
    </CustomBuild>
    <CustomBuild Include="GeneratedFiles\Debug\qttreepropertybrowser.moc">
      <Filter>Generated Files\Debug</Filter>
    </CustomBuild>
    <CustomBuild Include="GeneratedFiles\Release\qttreepropertybrowser.moc">
      <Filter>Generated Files\Release</Filter>
    </CustomBuild>
    <CustomBuild Include="qtpropertybrowser\qtbuttonpropertybrowser.h">
      <Filter>Header Files\qtpropertybrowser</Filter>
    </CustomBuild>
    <CustomBuild Include="qtpropertybrowser\qteditorfactory.h">
      <Filter>Header Files\qtpropertybrowser</Filter>
    </CustomBuild>
    <CustomBuild Include="qtpropertybrowser\qtgroupboxpropertybrowser.h">
      <Filter>Header Files\qtpropertybrowser</Filter>
    </CustomBuild>
    <CustomBuild Include="qtpropertybrowser\qtpropertybrowser.h">
      <Filter>Header Files\qtpropertybrowser</Filter>
    </CustomBuild>
    <CustomBuild Include="qtpropertybrowser\qtpropertybrowserutils_p.h">
      <Filter>Header Files\qtpropertybrowser</Filter>
    </CustomBuild>
    <CustomBuild Include="qtpropertybrowser\qtpropertymanager.h">
      <Filter>Header Files\qtpropertybrowser</Filter>
    </CustomBuild>
    <CustomBuild Include="qtpropertybrowser\qttreepropertybrowser.h">
      <Filter>Header Files\qtpropertybrowser</Filter>
    </CustomBuild>
    <CustomBuild Include="qtpropertybrowser\qtvariantproperty.h">
      <Filter>Header Files\qtpropertybrowser</Filter>
    </CustomBuild>
    <CustomBuild Include="qtpropertybrowser\qtpropertybrowser.qrc">
      <Filter>Resource Files</Filter>
    </CustomBuild>
    <CustomBuild Include="propertyeditor.h">
      <Filter>Header Files</Filter>
    </CustomBuild>
    <CustomBuild Include="shaprelate.h">
      <Filter>Header Files</Filter>
    </CustomBuild>
    <CustomBuild Include="shaprelate.ui">
      <Filter>Form Files</Filter>
    </CustomBuild>
    <CustomBuild Include="seldb.h">
      <Filter>Header Files</Filter>
    </CustomBuild>
    <CustomBuild Include="seldb.ui">
      <Filter>Form Files</Filter>
    </CustomBuild>
    <CustomBuild Include="db.h">
      <Filter>Header Files</Filter>
    </CustomBuild>
    <CustomBuild Include="wndadd.h">
      <Filter>Header Files</Filter>
    </CustomBuild>
    <CustomBuild Include="wndadd.ui">
      <Filter>Form Files</Filter>
    </CustomBuild>
    <CustomBuild Include="dbpic.h">
      <Filter>Header Files</Filter>
    </CustomBuild>
    <CustomBuild Include="dbpic.ui">
      <Filter>Form Files</Filter>
    </CustomBuild>
    <CustomBuild Include="selfun.h">
      <Filter>Header Files</Filter>
    </CustomBuild>
    <CustomBuild Include="selfun.ui">
      <Filter>Form Files</Filter>
    </CustomBuild>
  </ItemGroup>
  <ItemGroup>
    <ClInclude Include="GeneratedFiles\ui_skdraw.h">
      <Filter>Generated Files</Filter>
    </ClInclude>
    <ClInclude Include="sizehandle.h">
      <Filter>Header Files</Filter>
    </ClInclude>
    <ClInclude Include="GeneratedFiles\ui_shaprelate.h">
      <Filter>Generated Files</Filter>
    </ClInclude>
    <ClInclude Include="GeneratedFiles\ui_seldb.h">
      <Filter>Generated Files</Filter>
    </ClInclude>
    <ClInclude Include="GeneratedFiles\ui_wndadd.h">
      <Filter>Generated Files</Filter>
    </ClInclude>
    <ClInclude Include="GeneratedFiles\ui_dbpic.h">
      <Filter>Generated Files</Filter>
    </ClInclude>
    <ClInclude Include="GeneratedFiles\ui_selfun.h">
      <Filter>Generated Files</Filter>
    </ClInclude>
    <ClInclude Include="resource.h">
      <Filter>Header Files</Filter>
    </ClInclude>
    <ClInclude Include="resource1.h">
      <Filter>Header Files</Filter>
    </ClInclude>
  </ItemGroup>
  <ItemGroup>
    <ResourceCompile Include="SKDraw.rc" />
  </ItemGroup>
  <ItemGroup>
    <None Include="SKDraw.ico" />
  </ItemGroup>
</Project>